
Microsoft Visual Studio Solution File, Format Version 12.00
# Visual Studio Version 17
VisualStudioVersion = 17.0.32112.339
MinimumVisualStudioVersion = 10.0.40219.1
Project("{9A19103F-16F7-4668-BE54-9A1E7A4F7556}") = "SleepLoggerLib", "SleepLoggerLib\SleepLoggerLib.csproj", "{48911A03-53FA-456B-8204-ECCE430F0B13}"
EndProject
Project("{9A19103F-16F7-4668-BE54-9A1E7A4F7556}") = "Tests", "Tests\Tests.csproj", "{D3348DEF-B716-4B3C-B316-1B6301874C9C}"
EndProject
Project("{9A19103F-16F7-4668-BE54-9A1E7A4F7556}") = "SleepLoggerForm", "SleepLoggerForm\SleepLoggerForm.csproj", "{37BCA7C9-CE99-4BD5-B1AF-B04F0C0E4FA0}"
EndProject
Project("{54435603-DBB4-11D2-8724-00A0C9A8B90C}") = "SleepLoggerSetup", "SleepLoggerSetup\SleepLoggerSetup.vdproj", "{D8659A4C-12BB-46B4-B5CB-E92289EF6038}"
EndProject
Global
	GlobalSection(SolutionConfigurationPlatforms) = preSolution
		Debug|Any CPU = Debug|Any CPU
		Release|Any CPU = Release|Any CPU
	EndGlobalSection
	GlobalSection(ProjectConfigurationPlatforms) = postSolution
		{48911A03-53FA-456B-8204-ECCE430F0B13}.Debug|Any CPU.ActiveCfg = Debug|Any CPU
		{48911A03-53FA-456B-8204-ECCE430F0B13}.Debug|Any CPU.Build.0 = Debug|Any CPU
		{48911A03-53FA-456B-8204-ECCE430F0B13}.Release|Any CPU.ActiveCfg = Release|Any CPU
		{48911A03-53FA-456B-8204-ECCE430F0B13}.Release|Any CPU.Build.0 = Release|Any CPU
		{D3348DEF-B716-4B3C-B316-1B6301874C9C}.Debug|Any CPU.ActiveCfg = Debug|Any CPU
		{D3348DEF-B716-4B3C-B316-1B6301874C9C}.Debug|Any CPU.Build.0 = Debug|Any CPU
		{D3348DEF-B716-4B3C-B316-1B6301874C9C}.Release|Any CPU.ActiveCfg = Release|Any CPU
		{D3348DEF-B716-4B3C-B316-1B6301874C9C}.Release|Any CPU.Build.0 = Release|Any CPU
		{37BCA7C9-CE99-4BD5-B1AF-B04F0C0E4FA0}.Debug|Any CPU.ActiveCfg = Debug|Any CPU
		{37BCA7C9-CE99-4BD5-B1AF-B04F0C0E4FA0}.Debug|Any CPU.Build.0 = Debug|Any CPU
		{37BCA7C9-CE99-4BD5-B1AF-B04F0C0E4FA0}.Release|Any CPU.ActiveCfg = Release|Any CPU
		{37BCA7C9-CE99-4BD5-B1AF-B04F0C0E4FA0}.Release|Any CPU.Build.0 = Release|Any CPU
		{D8659A4C-12BB-46B4-B5CB-E92289EF6038}.Debug|Any CPU.ActiveCfg = Debug
		{D8659A4C-12BB-46B4-B5CB-E92289EF6038}.Release|Any CPU.ActiveCfg = Release
	EndGlobalSection
	GlobalSection(SolutionProperties) = preSolution
		HideSolutionNode = FALSE
	EndGlobalSection
	GlobalSection(ExtensibilityGlobals) = postSolution
		SolutionGuid = {E3392B7D-D17B-4714-B7E8-15839EA69A13}
	EndGlobalSection
EndGlobal
